
Microsoft Visual Studio Solution File, Format Version 12.00
# Visual Studio Version 16
VisualStudioVersion = 16.0.31702.278
MinimumVisualStudioVersion = 10.0.40219.1
Project("{FAE04EC0-301F-11D3-BF4B-00C04F79EFBC}") = "Барак", "Барак.csproj", "{8741692A-27DB-4981-BE9F-E43C3D2DBF1E}"
EndProject
Global
	GlobalSection(SolutionConfigurationPlatforms) = preSolution
		Debug|Any CPU = Debug|Any CPU
		Release|Any CPU = Release|Any CPU
	EndGlobalSection
	GlobalSection(ProjectConfigurationPlatforms) = postSolution
		{8741692A-27DB-4981-BE9F-E43C3D2DBF1E}.Debug|Any CPU.ActiveCfg = Debug|Any CPU
		{8741692A-27DB-4981-BE9F-E43C3D2DBF1E}.Debug|Any CPU.Build.0 = Debug|Any CPU
		{8741692A-27DB-4981-BE9F-E43C3D2DBF1E}.Release|Any CPU.ActiveCfg = Release|Any CPU
		{8741692A-27DB-4981-BE9F-E43C3D2DBF1E}.Release|Any CPU.Build.0 = Release|Any CPU
	EndGlobalSection
	GlobalSection(SolutionProperties) = preSolution
		HideSolutionNode = FALSE
	EndGlobalSection
	GlobalSection(ExtensibilityGlobals) = postSolution
		SolutionGuid = {57808D33-9166-42A4-B86F-A67A323150D9}
	EndGlobalSection
EndGlobal
